
Microsoft Visual Studio Solution File, Format Version 12.00
# Visual Studio Version 17
VisualStudioVersion = 17.4.33205.214
MinimumVisualStudioVersion = 10.0.40219.1
Project("{9A19103F-16F7-4668-BE54-9A1E7A4F7556}") = "TestDataGnerator", "TestDataGnerator\TestDataGnerator.csproj", "{B777AA69-4BDD-4B90-8721-D754252B9A09}"
EndProject
Project("{9A19103F-16F7-4668-BE54-9A1E7A4F7556}") = "StandAloneExecutor", "StandAloneExecutor\StandAloneExecutor.csproj", "{FA3FCC59-0AFC-4D46-84AB-90B3B0290257}"
EndProject
Project("{9A19103F-16F7-4668-BE54-9A1E7A4F7556}") = "SignsGenerator", "SignsGenerator\SignsGenerator.csproj", "{8F9DF3A3-EBE1-4A2B-8C63-5B32103C100A}"
EndProject
Global
	GlobalSection(SolutionConfigurationPlatforms) = preSolution
		Debug|Any CPU = Debug|Any CPU
		Release|Any CPU = Release|Any CPU
	EndGlobalSection
	GlobalSection(ProjectConfigurationPlatforms) = postSolution
		{B777AA69-4BDD-4B90-8721-D754252B9A09}.Debug|Any CPU.ActiveCfg = Debug|Any CPU
		{B777AA69-4BDD-4B90-8721-D754252B9A09}.Debug|Any CPU.Build.0 = Debug|Any CPU
		{B777AA69-4BDD-4B90-8721-D754252B9A09}.Release|Any CPU.ActiveCfg = Release|Any CPU
		{B777AA69-4BDD-4B90-8721-D754252B9A09}.Release|Any CPU.Build.0 = Release|Any CPU
		{FA3FCC59-0AFC-4D46-84AB-90B3B0290257}.Debug|Any CPU.ActiveCfg = Debug|Any CPU
		{FA3FCC59-0AFC-4D46-84AB-90B3B0290257}.Debug|Any CPU.Build.0 = Debug|Any CPU
		{FA3FCC59-0AFC-4D46-84AB-90B3B0290257}.Release|Any CPU.ActiveCfg = Release|Any CPU
		{FA3FCC59-0AFC-4D46-84AB-90B3B0290257}.Release|Any CPU.Build.0 = Release|Any CPU
		{8F9DF3A3-EBE1-4A2B-8C63-5B32103C100A}.Debug|Any CPU.ActiveCfg = Debug|Any CPU
		{8F9DF3A3-EBE1-4A2B-8C63-5B32103C100A}.Debug|Any CPU.Build.0 = Debug|Any CPU
		{8F9DF3A3-EBE1-4A2B-8C63-5B32103C100A}.Release|Any CPU.ActiveCfg = Release|Any CPU
		{8F9DF3A3-EBE1-4A2B-8C63-5B32103C100A}.Release|Any CPU.Build.0 = Release|Any CPU
	EndGlobalSection
	GlobalSection(SolutionProperties) = preSolution
		HideSolutionNode = FALSE
	EndGlobalSection
	GlobalSection(ExtensibilityGlobals) = postSolution
		SolutionGuid = {42116DAE-B52F-4B7F-9F3D-156CC949B4D5}
	EndGlobalSection
EndGlobal
